
Microsoft Visual Studio Solution File, Format Version 12.00
# Visual Studio 14
VisualStudioVersion = 14.0.25420.1
MinimumVisualStudioVersion = 10.0.40219.1
Project("{2150E333-8FDC-42A3-9474-1A3956D46DE8}") = "Engine", "Engine", "{7973AA22-0EC0-49CD-B16D-F8287729A8C1}"
EndProject
Project("{2150E333-8FDC-42A3-9474-1A3956D46DE8}") = "Games", "Games", "{B9B37DC9-E07C-48AD-91A3-587010BA14B0}"
EndProject
Project("{8BC9CEB8-8B4A-11D0-8D11-00A0C91BC942}") = "UE4", "Intermediate\ProjectFiles\UE4.vcxproj", "{08CE94B5-7FDD-45BC-A4DA-BACB91981BB5}"
EndProject
Project("{8BC9CEB8-8B4A-11D0-8D11-00A0C91BC942}") = "Spooky", "Intermediate\ProjectFiles\Spooky.vcxproj", "{A1310CEC-F501-4402-892A-016C6208FD3F}"
EndProject
Project("{8BC9CEB8-8B4A-11D0-8D11-00A0C91BC942}") = "FusionTesting", "Plugins\Spooky\Testing\FusionTesting.vcxproj", "{0BA65554-74D4-4E49-89F0-041C14F18BCD}"
EndProject
Global
	GlobalSection(SolutionConfigurationPlatforms) = preSolution
		Debug|HTML5 = Debug|HTML5
		Debug|Win32 = Debug|Win32
		Debug|Win64 = Debug|Win64
		Debug|x64 = Debug|x64
		DebugGame Editor|HTML5 = DebugGame Editor|HTML5
		DebugGame Editor|Win32 = DebugGame Editor|Win32
		DebugGame Editor|Win64 = DebugGame Editor|Win64
		DebugGame Editor|x64 = DebugGame Editor|x64
		DebugGame|HTML5 = DebugGame|HTML5
		DebugGame|Win32 = DebugGame|Win32
		DebugGame|Win64 = DebugGame|Win64
		DebugGame|x64 = DebugGame|x64
		Development Editor|HTML5 = Development Editor|HTML5
		Development Editor|Win32 = Development Editor|Win32
		Development Editor|Win64 = Development Editor|Win64
		Development Editor|x64 = Development Editor|x64
		Development|HTML5 = Development|HTML5
		Development|Win32 = Development|Win32
		Development|Win64 = Development|Win64
		Development|x64 = Development|x64
		Release|HTML5 = Release|HTML5
		Release|Win32 = Release|Win32
		Release|Win64 = Release|Win64
		Release|x64 = Release|x64
		Shipping|HTML5 = Shipping|HTML5
		Shipping|Win32 = Shipping|Win32
		Shipping|Win64 = Shipping|Win64
		Shipping|x64 = Shipping|x64
	EndGlobalSection
	GlobalSection(ProjectConfigurationPlatforms) = postSolution
		{08CE94B5-7FDD-45BC-A4DA-BACB91981BB5}.Debug|HTML5.ActiveCfg = BuiltWithUnrealBuildTool|Win32
		{08CE94B5-7FDD-45BC-A4DA-BACB91981BB5}.Debug|HTML5.Build.0 = BuiltWithUnrealBuildTool|Win32
		{08CE94B5-7FDD-45BC-A4DA-BACB91981BB5}.Debug|Win32.ActiveCfg = BuiltWithUnrealBuildTool|Win32
		{08CE94B5-7FDD-45BC-A4DA-BACB91981BB5}.Debug|Win32.Build.0 = BuiltWithUnrealBuildTool|Win32
		{08CE94B5-7FDD-45BC-A4DA-BACB91981BB5}.Debug|Win64.ActiveCfg = BuiltWithUnrealBuildTool|Win32
		{08CE94B5-7FDD-45BC-A4DA-BACB91981BB5}.Debug|Win64.Build.0 = BuiltWithUnrealBuildTool|Win32
		{08CE94B5-7FDD-45BC-A4DA-BACB91981BB5}.Debug|x64.ActiveCfg = BuiltWithUnrealBuildTool|Win32
		{08CE94B5-7FDD-45BC-A4DA-BACB91981BB5}.Debug|x64.Build.0 = BuiltWithUnrealBuildTool|Win32
		{08CE94B5-7FDD-45BC-A4DA-BACB91981BB5}.DebugGame Editor|HTML5.ActiveCfg = BuiltWithUnrealBuildTool|Win32
		{08CE94B5-7FDD-45BC-A4DA-BACB91981BB5}.DebugGame Editor|HTML5.Build.0 = BuiltWithUnrealBuildTool|Win32
		{08CE94B5-7FDD-45BC-A4DA-BACB91981BB5}.DebugGame Editor|Win32.ActiveCfg = BuiltWithUnrealBuildTool|Win32
		{08CE94B5-7FDD-45BC-A4DA-BACB91981BB5}.DebugGame Editor|Win32.Build.0 = BuiltWithUnrealBuildTool|Win32
		{08CE94B5-7FDD-45BC-A4DA-BACB91981BB5}.DebugGame Editor|Win64.ActiveCfg = BuiltWithUnrealBuildTool|Win32
		{08CE94B5-7FDD-45BC-A4DA-BACB91981BB5}.DebugGame Editor|Win64.Build.0 = BuiltWithUnrealBuildTool|Win32
		{08CE94B5-7FDD-45BC-A4DA-BACB91981BB5}.DebugGame Editor|x64.ActiveCfg = BuiltWithUnrealBuildTool|Win32
		{08CE94B5-7FDD-45BC-A4DA-BACB91981BB5}.DebugGame Editor|x64.Build.0 = BuiltWithUnrealBuildTool|Win32
		{08CE94B5-7FDD-45BC-A4DA-BACB91981BB5}.DebugGame|HTML5.ActiveCfg = BuiltWithUnrealBuildTool|Win32
		{08CE94B5-7FDD-45BC-A4DA-BACB91981BB5}.DebugGame|HTML5.Build.0 = BuiltWithUnrealBuildTool|Win32
		{08CE94B5-7FDD-45BC-A4DA-BACB91981BB5}.DebugGame|Win32.ActiveCfg = BuiltWithUnrealBuildTool|Win32
		{08CE94B5-7FDD-45BC-A4DA-BACB91981BB5}.DebugGame|Win32.Build.0 = BuiltWithUnrealBuildTool|Win32
		{08CE94B5-7FDD-45BC-A4DA-BACB91981BB5}.DebugGame|Win64.ActiveCfg = BuiltWithUnrealBuildTool|Win32
		{08CE94B5-7FDD-45BC-A4DA-BACB91981BB5}.DebugGame|Win64.Build.0 = BuiltWithUnrealBuildTool|Win32
		{08CE94B5-7FDD-45BC-A4DA-BACB91981BB5}.DebugGame|x64.ActiveCfg = BuiltWithUnrealBuildTool|Win32
		{08CE94B5-7FDD-45BC-A4DA-BACB91981BB5}.DebugGame|x64.Build.0 = BuiltWithUnrealBuildTool|Win32
		{08CE94B5-7FDD-45BC-A4DA-BACB91981BB5}.Development Editor|HTML5.ActiveCfg = BuiltWithUnrealBuildTool|Win32
		{08CE94B5-7FDD-45BC-A4DA-BACB91981BB5}.Development Editor|HTML5.Build.0 = BuiltWithUnrealBuildTool|Win32
		{08CE94B5-7FDD-45BC-A4DA-BACB91981BB5}.Development Editor|Win32.ActiveCfg = BuiltWithUnrealBuildTool|Win32
		{08CE94B5-7FDD-45BC-A4DA-BACB91981BB5}.Development Editor|Win32.Build.0 = BuiltWithUnrealBuildTool|Win32
		{08CE94B5-7FDD-45BC-A4DA-BACB91981BB5}.Development Editor|Win64.ActiveCfg = BuiltWithUnrealBuildTool|Win32
		{08CE94B5-7FDD-45BC-A4DA-BACB91981BB5}.Development Editor|Win64.Build.0 = BuiltWithUnrealBuildTool|Win32
		{08CE94B5-7FDD-45BC-A4DA-BACB91981BB5}.Development Editor|x64.ActiveCfg = BuiltWithUnrealBuildTool|Win32
		{08CE94B5-7FDD-45BC-A4DA-BACB91981BB5}.Development Editor|x64.Build.0 = BuiltWithUnrealBuildTool|Win32
		{08CE94B5-7FDD-45BC-A4DA-BACB91981BB5}.Development|HTML5.ActiveCfg = BuiltWithUnrealBuildTool|Win32
		{08CE94B5-7FDD-45BC-A4DA-BACB91981BB5}.Development|HTML5.Build.0 = BuiltWithUnrealBuildTool|Win32
		{08CE94B5-7FDD-45BC-A4DA-BACB91981BB5}.Development|Win32.ActiveCfg = BuiltWithUnrealBuildTool|Win32
		{08CE94B5-7FDD-45BC-A4DA-BACB91981BB5}.Development|Win32.Build.0 = BuiltWithUnrealBuildTool|Win32
		{08CE94B5-7FDD-45BC-A4DA-BACB91981BB5}.Development|Win64.ActiveCfg = BuiltWithUnrealBuildTool|Win32
		{08CE94B5-7FDD-45BC-A4DA-BACB91981BB5}.Development|Win64.Build.0 = BuiltWithUnrealBuildTool|Win32
		{08CE94B5-7FDD-45BC-A4DA-BACB91981BB5}.Development|x64.ActiveCfg = BuiltWithUnrealBuildTool|Win32
		{08CE94B5-7FDD-45BC-A4DA-BACB91981BB5}.Development|x64.Build.0 = BuiltWithUnrealBuildTool|Win32
		{08CE94B5-7FDD-45BC-A4DA-BACB91981BB5}.Release|HTML5.ActiveCfg = BuiltWithUnrealBuildTool|Win32
		{08CE94B5-7FDD-45BC-A4DA-BACB91981BB5}.Release|HTML5.Build.0 = BuiltWithUnrealBuildTool|Win32
		{08CE94B5-7FDD-45BC-A4DA-BACB91981BB5}.Release|Win32.ActiveCfg = BuiltWithUnrealBuildTool|Win32
		{08CE94B5-7FDD-45BC-A4DA-BACB91981BB5}.Release|Win32.Build.0 = BuiltWithUnrealBuildTool|Win32
		{08CE94B5-7FDD-45BC-A4DA-BACB91981BB5}.Release|Win64.ActiveCfg = BuiltWithUnrealBuildTool|Win32
		{08CE94B5-7FDD-45BC-A4DA-BACB91981BB5}.Release|Win64.Build.0 = BuiltWithUnrealBuildTool|Win32
		{08CE94B5-7FDD-45BC-A4DA-BACB91981BB5}.Release|x64.ActiveCfg = BuiltWithUnrealBuildTool|Win32
		{08CE94B5-7FDD-45BC-A4DA-BACB91981BB5}.Release|x64.Build.0 = BuiltWithUnrealBuildTool|Win32
		{08CE94B5-7FDD-45BC-A4DA-BACB91981BB5}.Shipping|HTML5.ActiveCfg = BuiltWithUnrealBuildTool|Win32
		{08CE94B5-7FDD-45BC-A4DA-BACB91981BB5}.Shipping|HTML5.Build.0 = BuiltWithUnrealBuildTool|Win32
		{08CE94B5-7FDD-45BC-A4DA-BACB91981BB5}.Shipping|Win32.ActiveCfg = BuiltWithUnrealBuildTool|Win32
		{08CE94B5-7FDD-45BC-A4DA-BACB91981BB5}.Shipping|Win32.Build.0 = BuiltWithUnrealBuildTool|Win32
		{08CE94B5-7FDD-45BC-A4DA-BACB91981BB5}.Shipping|Win64.ActiveCfg = BuiltWithUnrealBuildTool|Win32
		{08CE94B5-7FDD-45BC-A4DA-BACB91981BB5}.Shipping|Win64.Build.0 = BuiltWithUnrealBuildTool|Win32
		{08CE94B5-7FDD-45BC-A4DA-BACB91981BB5}.Shipping|x64.ActiveCfg = BuiltWithUnrealBuildTool|Win32
		{08CE94B5-7FDD-45BC-A4DA-BACB91981BB5}.Shipping|x64.Build.0 = BuiltWithUnrealBuildTool|Win32
		{A1310CEC-F501-4402-892A-016C6208FD3F}.Debug|HTML5.ActiveCfg = HTML5_DebugGame_Game|x64
		{A1310CEC-F501-4402-892A-016C6208FD3F}.Debug|HTML5.Build.0 = HTML5_DebugGame_Game|x64
		{A1310CEC-F501-4402-892A-016C6208FD3F}.Debug|Win32.ActiveCfg = DebugGame_Game|Win32
		{A1310CEC-F501-4402-892A-016C6208FD3F}.Debug|Win32.Build.0 = DebugGame_Game|Win32
		{A1310CEC-F501-4402-892A-016C6208FD3F}.Debug|Win64.ActiveCfg = HTML5_DebugGame_Game|x64
		{A1310CEC-F501-4402-892A-016C6208FD3F}.Debug|Win64.Build.0 = HTML5_DebugGame_Game|x64
		{A1310CEC-F501-4402-892A-016C6208FD3F}.Debug|x64.ActiveCfg = HTML5_DebugGame_Game|x64
		{A1310CEC-F501-4402-892A-016C6208FD3F}.Debug|x64.Build.0 = HTML5_DebugGame_Game|x64
		{A1310CEC-F501-4402-892A-016C6208FD3F}.DebugGame Editor|HTML5.ActiveCfg = HTML5_DebugGame_Editor|Win32
		{A1310CEC-F501-4402-892A-016C6208FD3F}.DebugGame Editor|Win32.ActiveCfg = DebugGame_Editor|Win32
		{A1310CEC-F501-4402-892A-016C6208FD3F}.DebugGame Editor|Win64.ActiveCfg = DebugGame_Editor|x64
		{A1310CEC-F501-4402-892A-016C6208FD3F}.DebugGame Editor|Win64.Build.0 = DebugGame_Editor|x64
		{A1310CEC-F501-4402-892A-016C6208FD3F}.DebugGame Editor|x64.ActiveCfg = DebugGame_Game|x64
		{A1310CEC-F501-4402-892A-016C6208FD3F}.DebugGame Editor|x64.Build.0 = DebugGame_Game|x64
		{A1310CEC-F501-4402-892A-016C6208FD3F}.DebugGame|HTML5.ActiveCfg = HTML5_DebugGame_Game|Win32
		{A1310CEC-F501-4402-892A-016C6208FD3F}.DebugGame|HTML5.Build.0 = HTML5_DebugGame_Game|Win32
		{A1310CEC-F501-4402-892A-016C6208FD3F}.DebugGame|Win32.ActiveCfg = DebugGame_Game|Win32
		{A1310CEC-F501-4402-892A-016C6208FD3F}.DebugGame|Win32.Build.0 = DebugGame_Game|Win32
		{A1310CEC-F501-4402-892A-016C6208FD3F}.DebugGame|Win64.ActiveCfg = DebugGame_Game|x64
		{A1310CEC-F501-4402-892A-016C6208FD3F}.DebugGame|Win64.Build.0 = DebugGame_Game|x64
		{A1310CEC-F501-4402-892A-016C6208FD3F}.DebugGame|x64.ActiveCfg = HTML5_DebugGame_Game|x64
		{A1310CEC-F501-4402-892A-016C6208FD3F}.DebugGame|x64.Build.0 = HTML5_DebugGame_Game|x64
		{A1310CEC-F501-4402-892A-016C6208FD3F}.Development Editor|HTML5.ActiveCfg = HTML5_Development_Editor|Win32
		{A1310CEC-F501-4402-892A-016C6208FD3F}.Development Editor|Win32.ActiveCfg = Development_Editor|Win32
		{A1310CEC-F501-4402-892A-016C6208FD3F}.Development Editor|Win64.ActiveCfg = Development_Editor|x64
		{A1310CEC-F501-4402-892A-016C6208FD3F}.Development Editor|Win64.Build.0 = Development_Editor|x64
		{A1310CEC-F501-4402-892A-016C6208FD3F}.Development Editor|x64.ActiveCfg = Development_Game|x64
		{A1310CEC-F501-4402-892A-016C6208FD3F}.Development Editor|x64.Build.0 = Development_Game|x64
		{A1310CEC-F501-4402-892A-016C6208FD3F}.Development|HTML5.ActiveCfg = HTML5_Development_Game|Win32
		{A1310CEC-F501-4402-892A-016C6208FD3F}.Development|HTML5.Build.0 = HTML5_Development_Game|Win32
		{A1310CEC-F501-4402-892A-016C6208FD3F}.Development|Win32.ActiveCfg = Development_Game|Win32
		{A1310CEC-F501-4402-892A-016C6208FD3F}.Development|Win32.Build.0 = Development_Game|Win32
		{A1310CEC-F501-4402-892A-016C6208FD3F}.Development|Win64.ActiveCfg = Development_Game|x64
		{A1310CEC-F501-4402-892A-016C6208FD3F}.Development|Win64.Build.0 = Development_Game|x64
		{A1310CEC-F501-4402-892A-016C6208FD3F}.Development|x64.ActiveCfg = HTML5_Development_Editor|x64
		{A1310CEC-F501-4402-892A-016C6208FD3F}.Development|x64.Build.0 = HTML5_Development_Editor|x64
		{A1310CEC-F501-4402-892A-016C6208FD3F}.Release|HTML5.ActiveCfg = HTML5_DebugGame_Game|x64
		{A1310CEC-F501-4402-892A-016C6208FD3F}.Release|HTML5.Build.0 = HTML5_DebugGame_Game|x64
		{A1310CEC-F501-4402-892A-016C6208FD3F}.Release|Win32.ActiveCfg = Shipping_Game|Win32
		{A1310CEC-F501-4402-892A-016C6208FD3F}.Release|Win32.Build.0 = Shipping_Game|Win32
		{A1310CEC-F501-4402-892A-016C6208FD3F}.Release|Win64.ActiveCfg = HTML5_DebugGame_Game|x64
		{A1310CEC-F501-4402-892A-016C6208FD3F}.Release|Win64.Build.0 = HTML5_DebugGame_Game|x64
		{A1310CEC-F501-4402-892A-016C6208FD3F}.Release|x64.ActiveCfg = HTML5_DebugGame_Game|x64
		{A1310CEC-F501-4402-892A-016C6208FD3F}.Release|x64.Build.0 = HTML5_DebugGame_Game|x64
		{A1310CEC-F501-4402-892A-016C6208FD3F}.Shipping|HTML5.ActiveCfg = HTML5_Shipping_Game|Win32
		{A1310CEC-F501-4402-892A-016C6208FD3F}.Shipping|HTML5.Build.0 = HTML5_Shipping_Game|Win32
		{A1310CEC-F501-4402-892A-016C6208FD3F}.Shipping|Win32.ActiveCfg = Shipping_Game|Win32
		{A1310CEC-F501-4402-892A-016C6208FD3F}.Shipping|Win32.Build.0 = Shipping_Game|Win32
		{A1310CEC-F501-4402-892A-016C6208FD3F}.Shipping|Win64.ActiveCfg = Shipping_Game|x64
		{A1310CEC-F501-4402-892A-016C6208FD3F}.Shipping|Win64.Build.0 = Shipping_Game|x64
		{A1310CEC-F501-4402-892A-016C6208FD3F}.Shipping|x64.ActiveCfg = HTML5_Shipping_Game|x64
		{A1310CEC-F501-4402-892A-016C6208FD3F}.Shipping|x64.Build.0 = HTML5_Shipping_Game|x64
		{0BA65554-74D4-4E49-89F0-041C14F18BCD}.Debug|HTML5.ActiveCfg = Debug|Win32
		{0BA65554-74D4-4E49-89F0-041C14F18BCD}.Debug|Win32.ActiveCfg = Debug|Win32
		{0BA65554-74D4-4E49-89F0-041C14F18BCD}.Debug|Win32.Build.0 = Debug|Win32
		{0BA65554-74D4-4E49-89F0-041C14F18BCD}.Debug|Win64.ActiveCfg = Debug|Win32
		{0BA65554-74D4-4E49-89F0-041C14F18BCD}.Debug|x64.ActiveCfg = Debug|x64
		{0BA65554-74D4-4E49-89F0-041C14F18BCD}.Debug|x64.Build.0 = Debug|x64
		{0BA65554-74D4-4E49-89F0-041C14F18BCD}.DebugGame Editor|HTML5.ActiveCfg = Release|x64
		{0BA65554-74D4-4E49-89F0-041C14F18BCD}.DebugGame Editor|HTML5.Build.0 = Release|x64
		{0BA65554-74D4-4E49-89F0-041C14F18BCD}.DebugGame Editor|Win32.ActiveCfg = Debug|Win32
		{0BA65554-74D4-4E49-89F0-041C14F18BCD}.DebugGame Editor|Win32.Build.0 = Debug|Win32
		{0BA65554-74D4-4E49-89F0-041C14F18BCD}.DebugGame Editor|Win64.ActiveCfg = Release|x64
		{0BA65554-74D4-4E49-89F0-041C14F18BCD}.DebugGame Editor|Win64.Build.0 = Release|x64
		{0BA65554-74D4-4E49-89F0-041C14F18BCD}.DebugGame Editor|x64.ActiveCfg = Debug|x64
		{0BA65554-74D4-4E49-89F0-041C14F18BCD}.DebugGame Editor|x64.Build.0 = Debug|x64
		{0BA65554-74D4-4E49-89F0-041C14F18BCD}.DebugGame|HTML5.ActiveCfg = Release|x64
		{0BA65554-74D4-4E49-89F0-041C14F18BCD}.DebugGame|HTML5.Build.0 = Release|x64
		{0BA65554-74D4-4E49-89F0-041C14F18BCD}.DebugGame|Win32.ActiveCfg = Debug|Win32
		{0BA65554-74D4-4E49-89F0-041C14F18BCD}.DebugGame|Win32.Build.0 = Debug|Win32
		{0BA65554-74D4-4E49-89F0-041C14F18BCD}.DebugGame|Win64.ActiveCfg = Release|x64
		{0BA65554-74D4-4E49-89F0-041C14F18BCD}.DebugGame|Win64.Build.0 = Release|x64
		{0BA65554-74D4-4E49-89F0-041C14F18BCD}.DebugGame|x64.ActiveCfg = Debug|x64
		{0BA65554-74D4-4E49-89F0-041C14F18BCD}.DebugGame|x64.Build.0 = Debug|x64
		{0BA65554-74D4-4E49-89F0-041C14F18BCD}.Development Editor|HTML5.ActiveCfg = Release|x64
		{0BA65554-74D4-4E49-89F0-041C14F18BCD}.Development Editor|HTML5.Build.0 = Release|x64
		{0BA65554-74D4-4E49-89F0-041C14F18BCD}.Development Editor|Win32.ActiveCfg = Debug|Win32
		{0BA65554-74D4-4E49-89F0-041C14F18BCD}.Development Editor|Win32.Build.0 = Debug|Win32
		{0BA65554-74D4-4E49-89F0-041C14F18BCD}.Development Editor|Win64.ActiveCfg = Release|x64
		{0BA65554-74D4-4E49-89F0-041C14F18BCD}.Development Editor|Win64.Build.0 = Release|x64
		{0BA65554-74D4-4E49-89F0-041C14F18BCD}.Development Editor|x64.ActiveCfg = Debug|x64
		{0BA65554-74D4-4E49-89F0-041C14F18BCD}.Development Editor|x64.Build.0 = Debug|x64
		{0BA65554-74D4-4E49-89F0-041C14F18BCD}.Development|HTML5.ActiveCfg = Release|x64
		{0BA65554-74D4-4E49-89F0-041C14F18BCD}.Development|HTML5.Build.0 = Release|x64
		{0BA65554-74D4-4E49-89F0-041C14F18BCD}.Development|Win32.ActiveCfg = Debug|Win32
		{0BA65554-74D4-4E49-89F0-041C14F18BCD}.Development|Win32.Build.0 = Debug|Win32
		{0BA65554-74D4-4E49-89F0-041C14F18BCD}.Development|Win64.ActiveCfg = Release|x64
		{0BA65554-74D4-4E49-89F0-041C14F18BCD}.Development|Win64.Build.0 = Release|x64
		{0BA65554-74D4-4E49-89F0-041C14F18BCD}.Development|x64.ActiveCfg = Debug|x64
		{0BA65554-74D4-4E49-89F0-041C14F18BCD}.Development|x64.Build.0 = Debug|x64
		{0BA65554-74D4-4E49-89F0-041C14F18BCD}.Release|HTML5.ActiveCfg = Release|Win32
		{0BA65554-74D4-4E49-89F0-041C14F18BCD}.Release|Win32.ActiveCfg = Release|Win32
		{0BA65554-74D4-4E49-89F0-041C14F18BCD}.Release|Win32.Build.0 = Release|Win32
		{0BA65554-74D4-4E49-89F0-041C14F18BCD}.Release|Win64.ActiveCfg = Release|Win32
		{0BA65554-74D4-4E49-89F0-041C14F18BCD}.Release|x64.ActiveCfg = Release|x64
		{0BA65554-74D4-4E49-89F0-041C14F18BCD}.Release|x64.Build.0 = Release|x64
		{0BA65554-74D4-4E49-89F0-041C14F18BCD}.Shipping|HTML5.ActiveCfg = Release|x64
		{0BA65554-74D4-4E49-89F0-041C14F18BCD}.Shipping|HTML5.Build.0 = Release|x64
		{0BA65554-74D4-4E49-89F0-041C14F18BCD}.Shipping|Win32.ActiveCfg = Release|Win32
		{0BA65554-74D4-4E49-89F0-041C14F18BCD}.Shipping|Win32.Build.0 = Release|Win32
		{0BA65554-74D4-4E49-89F0-041C14F18BCD}.Shipping|Win64.ActiveCfg = Release|x64
		{0BA65554-74D4-4E49-89F0-041C14F18BCD}.Shipping|Win64.Build.0 = Release|x64
		{0BA65554-74D4-4E49-89F0-041C14F18BCD}.Shipping|x64.ActiveCfg = Release|x64
		{0BA65554-74D4-4E49-89F0-041C14F18BCD}.Shipping|x64.Build.0 = Release|x64
	EndGlobalSection
	GlobalSection(SolutionProperties) = preSolution
		HideSolutionNode = FALSE
	EndGlobalSection
	GlobalSection(NestedProjects) = preSolution
		{08CE94B5-7FDD-45BC-A4DA-BACB91981BB5} = {7973AA22-0EC0-49CD-B16D-F8287729A8C1}
		{A1310CEC-F501-4402-892A-016C6208FD3F} = {B9B37DC9-E07C-48AD-91A3-587010BA14B0}
	EndGlobalSection
EndGlobal
